
Microsoft Visual Studio Solution File, Format Version 12.00
# Visual Studio Version 16
VisualStudioVersion = 16.0.30523.141
MinimumVisualStudioVersion = 10.0.40219.1
Project("{FAE04EC0-301F-11D3-BF4B-00C04F79EFBC}") = "CS322-Vezbe2", "CS322-Vezbe2\CS322-Vezbe2.csproj", "{BA3A3C37-08FF-4987-BB7C-0CDA4AEA134B}"
EndProject
Project("{FAE04EC0-301F-11D3-BF4B-00C04F79EFBC}") = "IndividualneVežbe2", "IndividualneVežbe2\IndividualneVežbe2.csproj", "{C1E23AB5-DBEC-4531-9BA4-2A1B7D3EDA3E}"
EndProject
Project("{FAE04EC0-301F-11D3-BF4B-00C04F79EFBC}") = "CS322-StreamWriter", "CS322-StreamWriter\CS322-StreamWriter.csproj", "{C7A006F4-9E95-497E-A2DC-9B1A7FB8E7F0}"
EndProject
Global
	GlobalSection(SolutionConfigurationPlatforms) = preSolution
		Debug|Any CPU = Debug|Any CPU
		Release|Any CPU = Release|Any CPU
	EndGlobalSection
	GlobalSection(ProjectConfigurationPlatforms) = postSolution
		{BA3A3C37-08FF-4987-BB7C-0CDA4AEA134B}.Debug|Any CPU.ActiveCfg = Debug|Any CPU
		{BA3A3C37-08FF-4987-BB7C-0CDA4AEA134B}.Debug|Any CPU.Build.0 = Debug|Any CPU
		{BA3A3C37-08FF-4987-BB7C-0CDA4AEA134B}.Release|Any CPU.ActiveCfg = Release|Any CPU
		{BA3A3C37-08FF-4987-BB7C-0CDA4AEA134B}.Release|Any CPU.Build.0 = Release|Any CPU
		{C1E23AB5-DBEC-4531-9BA4-2A1B7D3EDA3E}.Debug|Any CPU.ActiveCfg = Debug|Any CPU
		{C1E23AB5-DBEC-4531-9BA4-2A1B7D3EDA3E}.Debug|Any CPU.Build.0 = Debug|Any CPU
		{C1E23AB5-DBEC-4531-9BA4-2A1B7D3EDA3E}.Release|Any CPU.ActiveCfg = Release|Any CPU
		{C1E23AB5-DBEC-4531-9BA4-2A1B7D3EDA3E}.Release|Any CPU.Build.0 = Release|Any CPU
		{C7A006F4-9E95-497E-A2DC-9B1A7FB8E7F0}.Debug|Any CPU.ActiveCfg = Debug|Any CPU
		{C7A006F4-9E95-497E-A2DC-9B1A7FB8E7F0}.Debug|Any CPU.Build.0 = Debug|Any CPU
		{C7A006F4-9E95-497E-A2DC-9B1A7FB8E7F0}.Release|Any CPU.ActiveCfg = Release|Any CPU
		{C7A006F4-9E95-497E-A2DC-9B1A7FB8E7F0}.Release|Any CPU.Build.0 = Release|Any CPU
	EndGlobalSection
	GlobalSection(SolutionProperties) = preSolution
		HideSolutionNode = FALSE
	EndGlobalSection
	GlobalSection(ExtensibilityGlobals) = postSolution
		SolutionGuid = {AB2A39B6-0131-45C8-87DA-2A729BF311B6}
	EndGlobalSection
EndGlobal
